
Microsoft Visual Studio Solution File, Format Version 12.00
# Visual Studio Version 16
VisualStudioVersion = 16.0.31205.134
MinimumVisualStudioVersion = 10.0.40219.1
Project("{9A19103F-16F7-4668-BE54-9A1E7A4F7556}") = "ZackOLEContainer.WinFormCoreTests", "ZackOLEContainer.WinFormCoreTests\ZackOLEContainer.WinFormCoreTests.csproj", "{AA94E6CB-319B-4284-B6A3-8FB003A2385A}"
EndProject
Project("{9A19103F-16F7-4668-BE54-9A1E7A4F7556}") = "ZackOLEContainerCore", "ZackOLEContainerCore\ZackOLEContainerCore.csproj", "{F076C3B7-68F9-416F-856B-94EEEE502077}"
EndProject
Project("{9A19103F-16F7-4668-BE54-9A1E7A4F7556}") = "ZackOLEContainer.WinFormCore", "ZackOLEContainer.WinFormCore\ZackOLEContainer.WinFormCore.csproj", "{1C1288BD-30B7-4CAE-944A-082AD9EF174A}"
EndProject
Project("{9A19103F-16F7-4668-BE54-9A1E7A4F7556}") = "ZackOLEContainer.WPFCore", "ZackOLEContainer.WPFCore\ZackOLEContainer.WPFCore.csproj", "{54AE6BE0-AC79-4158-8994-D0C0551F3BA5}"
EndProject
Project("{9A19103F-16F7-4668-BE54-9A1E7A4F7556}") = "ZackOLEContainer.WPFCoreTests", "ZackOLEContainer.WPFCoreTests\ZackOLEContainer.WPFCoreTests.csproj", "{6703A25D-3250-49E9-AED4-7BED4E842D97}"
EndProject
Global
	GlobalSection(SolutionConfigurationPlatforms) = preSolution
		Debug|Any CPU = Debug|Any CPU
		Release|Any CPU = Release|Any CPU
	EndGlobalSection
	GlobalSection(ProjectConfigurationPlatforms) = postSolution
		{AA94E6CB-319B-4284-B6A3-8FB003A2385A}.Debug|Any CPU.ActiveCfg = Debug|Any CPU
		{AA94E6CB-319B-4284-B6A3-8FB003A2385A}.Debug|Any CPU.Build.0 = Debug|Any CPU
		{AA94E6CB-319B-4284-B6A3-8FB003A2385A}.Release|Any CPU.ActiveCfg = Release|Any CPU
		{AA94E6CB-319B-4284-B6A3-8FB003A2385A}.Release|Any CPU.Build.0 = Release|Any CPU
		{F076C3B7-68F9-416F-856B-94EEEE502077}.Debug|Any CPU.ActiveCfg = Debug|Any CPU
		{F076C3B7-68F9-416F-856B-94EEEE502077}.Debug|Any CPU.Build.0 = Debug|Any CPU
		{F076C3B7-68F9-416F-856B-94EEEE502077}.Release|Any CPU.ActiveCfg = Release|Any CPU
		{F076C3B7-68F9-416F-856B-94EEEE502077}.Release|Any CPU.Build.0 = Release|Any CPU
		{1C1288BD-30B7-4CAE-944A-082AD9EF174A}.Debug|Any CPU.ActiveCfg = Debug|Any CPU
		{1C1288BD-30B7-4CAE-944A-082AD9EF174A}.Debug|Any CPU.Build.0 = Debug|Any CPU
		{1C1288BD-30B7-4CAE-944A-082AD9EF174A}.Release|Any CPU.ActiveCfg = Release|Any CPU
		{1C1288BD-30B7-4CAE-944A-082AD9EF174A}.Release|Any CPU.Build.0 = Release|Any CPU
		{54AE6BE0-AC79-4158-8994-D0C0551F3BA5}.Debug|Any CPU.ActiveCfg = Debug|Any CPU
		{54AE6BE0-AC79-4158-8994-D0C0551F3BA5}.Debug|Any CPU.Build.0 = Debug|Any CPU
		{54AE6BE0-AC79-4158-8994-D0C0551F3BA5}.Release|Any CPU.ActiveCfg = Release|Any CPU
		{54AE6BE0-AC79-4158-8994-D0C0551F3BA5}.Release|Any CPU.Build.0 = Release|Any CPU
		{6703A25D-3250-49E9-AED4-7BED4E842D97}.Debug|Any CPU.ActiveCfg = Debug|Any CPU
		{6703A25D-3250-49E9-AED4-7BED4E842D97}.Debug|Any CPU.Build.0 = Debug|Any CPU
		{6703A25D-3250-49E9-AED4-7BED4E842D97}.Release|Any CPU.ActiveCfg = Release|Any CPU
		{6703A25D-3250-49E9-AED4-7BED4E842D97}.Release|Any CPU.Build.0 = Release|Any CPU
	EndGlobalSection
	GlobalSection(SolutionProperties) = preSolution
		HideSolutionNode = FALSE
	EndGlobalSection
	GlobalSection(ExtensibilityGlobals) = postSolution
		SolutionGuid = {1213691D-BECD-4F8B-A301-7FEEBEB33393}
	EndGlobalSection
EndGlobal
