
Microsoft Visual Studio Solution File, Format Version 12.00
# Visual Studio Version 16
VisualStudioVersion = 16.0.31205.134
MinimumVisualStudioVersion = 10.0.40219.1
Project("{FAE04EC0-301F-11D3-BF4B-00C04F79EFBC}") = "ZackOLEContainer.WinFormCoreTests", "ZackOLEContainer.WinFormCoreTests\ZackOLEContainer.WinFormCoreTests.csproj", "{AA94E6CB-319B-4284-B6A3-8FB003A2385A}"
EndProject
Project("{FAE04EC0-301F-11D3-BF4B-00C04F79EFBC}") = "ZackOLEContainerCore", "ZackOLEContainerCore\ZackOLEContainerCore.csproj", "{F076C3B7-68F9-416F-856B-94EEEE502077}"
EndProject
Project("{FAE04EC0-301F-11D3-BF4B-00C04F79EFBC}") = "ZackOLEContainer.WinFormCore", "ZackOLEContainer.WinFormCore\ZackOLEContainer.WinFormCore.csproj", "{1C1288BD-30B7-4CAE-944A-082AD9EF174A}"
EndProject
Global
	GlobalSection(SolutionConfigurationPlatforms) = preSolution
		Debug|Any CPU = Debug|Any CPU
		Release|Any CPU = Release|Any CPU
	EndGlobalSection
	GlobalSection(ProjectConfigurationPlatforms) = postSolution
		{AA94E6CB-319B-4284-B6A3-8FB003A2385A}.Debug|Any CPU.ActiveCfg = Debug|Any CPU
		{AA94E6CB-319B-4284-B6A3-8FB003A2385A}.Debug|Any CPU.Build.0 = Debug|Any CPU
		{AA94E6CB-319B-4284-B6A3-8FB003A2385A}.Release|Any CPU.ActiveCfg = Release|Any CPU
		{AA94E6CB-319B-4284-B6A3-8FB003A2385A}.Release|Any CPU.Build.0 = Release|Any CPU
		{F076C3B7-68F9-416F-856B-94EEEE502077}.Debug|Any CPU.ActiveCfg = Debug|Any CPU
		{F076C3B7-68F9-416F-856B-94EEEE502077}.Debug|Any CPU.Build.0 = Debug|Any CPU
		{F076C3B7-68F9-416F-856B-94EEEE502077}.Release|Any CPU.ActiveCfg = Release|Any CPU
		{F076C3B7-68F9-416F-856B-94EEEE502077}.Release|Any CPU.Build.0 = Release|Any CPU
		{1C1288BD-30B7-4CAE-944A-082AD9EF174A}.Debug|Any CPU.ActiveCfg = Debug|Any CPU
		{1C1288BD-30B7-4CAE-944A-082AD9EF174A}.Debug|Any CPU.Build.0 = Debug|Any CPU
		{1C1288BD-30B7-4CAE-944A-082AD9EF174A}.Release|Any CPU.ActiveCfg = Release|Any CPU
		{1C1288BD-30B7-4CAE-944A-082AD9EF174A}.Release|Any CPU.Build.0 = Release|Any CPU
	EndGlobalSection
	GlobalSection(SolutionProperties) = preSolution
		HideSolutionNode = FALSE
	EndGlobalSection
	GlobalSection(ExtensibilityGlobals) = postSolution
		SolutionGuid = {1213691D-BECD-4F8B-A301-7FEEBEB33393}
	EndGlobalSection
EndGlobal
